// !$*UTF8*$!
{
	archiveVersion = 1;
	classes = {
	};
	objectVersion = 56;
	objects = {

/* Begin PBXBuildFile section */
		6E62402A2BBFE3E9005660C8 /* AppDelegate.swift in Sources */ = {isa = PBXBuildFile; fileRef = 6E6240292BBFE3E9005660C8 /* AppDelegate.swift */; };
		6E62402C2BBFE3E9005660C8 /* SceneDelegate.swift in Sources */ = {isa = PBXBuildFile; fileRef = 6E62402B2BBFE3E9005660C8 /* SceneDelegate.swift */; };
		6E62402E2BBFE3E9005660C8 /* ViewController.swift in Sources */ = {isa = PBXBuildFile; fileRef = 6E62402D2BBFE3E9005660C8 /* ViewController.swift */; };
		6E6240312BBFE3E9005660C8 /* Base in Resources */ = {isa = PBXBuildFile; fileRef = 6E6240302BBFE3E9005660C8 /* Base */; };
		6E6240332BBFE3EA005660C8 /* Assets.xcassets in Resources */ = {isa = PBXBuildFile; fileRef = 6E6240322BBFE3EA005660C8 /* Assets.xcassets */; };
		6E6240362BBFE3EA005660C8 /* Base in Resources */ = {isa = PBXBuildFile; fileRef = 6E6240352BBFE3EA005660C8 /* Base */; };
		6E6240542BBFE926005660C8 /* Divider.swift in Sources */ = {isa = PBXBuildFile; fileRef = 6E62404A2BBFE926005660C8 /* Divider.swift */; };
		6E6240552BBFE926005660C8 /* PaddingLabel.swift in Sources */ = {isa = PBXBuildFile; fileRef = 6E62404B2BBFE926005660C8 /* PaddingLabel.swift */; };
		6E6240592BBFE926005660C8 /* UIColor+.swift in Sources */ = {isa = PBXBuildFile; fileRef = 6E6240502BBFE926005660C8 /* UIColor+.swift */; };
		6E62405B2BBFE945005660C8 /* KSAsset.swift in Sources */ = {isa = PBXBuildFile; fileRef = 6E62405A2BBFE945005660C8 /* KSAsset.swift */; };
		6E62405D2BBFE9B9005660C8 /* KSButton.swift in Sources */ = {isa = PBXBuildFile; fileRef = 6E62405C2BBFE9B9005660C8 /* KSButton.swift */; };
		6E62405F2BBFEF59005660C8 /* KSLabel.swift in Sources */ = {isa = PBXBuildFile; fileRef = 6E62405E2BBFEF59005660C8 /* KSLabel.swift */; };
		6E6240632BBFF157005660C8 /* GmarketSansBold.otf in Resources */ = {isa = PBXBuildFile; fileRef = 6E6240602BBFF157005660C8 /* GmarketSansBold.otf */; };
		6E6240642BBFF157005660C8 /* GmarketSansLight.otf in Resources */ = {isa = PBXBuildFile; fileRef = 6E6240612BBFF157005660C8 /* GmarketSansLight.otf */; };
		6E6240652BBFF157005660C8 /* GmarketSansMedium.otf in Resources */ = {isa = PBXBuildFile; fileRef = 6E6240622BBFF157005660C8 /* GmarketSansMedium.otf */; };
		6E6240682BBFF211005660C8 /* SnapKit in Frameworks */ = {isa = PBXBuildFile; productRef = 6E6240672BBFF211005660C8 /* SnapKit */; };
		6E62406A2BBFF255005660C8 /* Configurator+.swift in Sources */ = {isa = PBXBuildFile; fileRef = 6E6240692BBFF255005660C8 /* Configurator+.swift */; };
		6E6240762BBFF830005660C8 /* RxBaseCollectionViewCell.swift in Sources */ = {isa = PBXBuildFile; fileRef = 6E62406C2BBFF830005660C8 /* RxBaseCollectionViewCell.swift */; };
		6E6240772BBFF830005660C8 /* RxBaseListCollectionViewCell.swift in Sources */ = {isa = PBXBuildFile; fileRef = 6E62406D2BBFF830005660C8 /* RxBaseListCollectionViewCell.swift */; };
		6E6240782BBFF830005660C8 /* RxBaseViewController.swift in Sources */ = {isa = PBXBuildFile; fileRef = 6E62406E2BBFF830005660C8 /* RxBaseViewController.swift */; };
		6E6240792BBFF830005660C8 /* Coordinator.swift in Sources */ = {isa = PBXBuildFile; fileRef = 6E6240702BBFF830005660C8 /* Coordinator.swift */; };
		6E62407B2BBFF830005660C8 /* ViewModel.swift in Sources */ = {isa = PBXBuildFile; fileRef = 6E6240722BBFF830005660C8 /* ViewModel.swift */; };
		6E62407C2BBFF830005660C8 /* ViewModelController.swift in Sources */ = {isa = PBXBuildFile; fileRef = 6E6240732BBFF830005660C8 /* ViewModelController.swift */; };
		6E62407F2BBFF8FD005660C8 /* RxAlamofire in Frameworks */ = {isa = PBXBuildFile; productRef = 6E62407E2BBFF8FD005660C8 /* RxAlamofire */; };
		6E6240822BBFF9B3005660C8 /* RxRealm in Frameworks */ = {isa = PBXBuildFile; productRef = 6E6240812BBFF9B3005660C8 /* RxRealm */; };
		6E6240842BBFFBB8005660C8 /* AppError.swift in Sources */ = {isa = PBXBuildFile; fileRef = 6E6240832BBFFBB8005660C8 /* AppError.swift */; };
		6E6240892BBFFC42005660C8 /* UIView+.swift in Sources */ = {isa = PBXBuildFile; fileRef = 6E6240852BBFFC42005660C8 /* UIView+.swift */; };
		6E62408A2BBFFC42005660C8 /* UIViewController+.swift in Sources */ = {isa = PBXBuildFile; fileRef = 6E6240862BBFFC42005660C8 /* UIViewController+.swift */; };
		6E62408B2BBFFC42005660C8 /* UIAlertController+.swift in Sources */ = {isa = PBXBuildFile; fileRef = 6E6240872BBFFC42005660C8 /* UIAlertController+.swift */; };
		6E62408C2BBFFC42005660C8 /* UINavigationController+.swift in Sources */ = {isa = PBXBuildFile; fileRef = 6E6240882BBFFC42005660C8 /* UINavigationController+.swift */; };
		6E62408F2BBFFCA4005660C8 /* GCD.swift in Sources */ = {isa = PBXBuildFile; fileRef = 6E62408E2BBFFCA4005660C8 /* GCD.swift */; };
		6E6240912BBFFCF3005660C8 /* LogManager.swift in Sources */ = {isa = PBXBuildFile; fileRef = 6E6240902BBFFCF3005660C8 /* LogManager.swift */; };
		6E6240942BBFFD2B005660C8 /* Toast in Frameworks */ = {isa = PBXBuildFile; productRef = 6E6240932BBFFD2B005660C8 /* Toast */; };
		6E6240972BC00AF1005660C8 /* MainTabBarCoordinator.swift in Sources */ = {isa = PBXBuildFile; fileRef = 6E6240952BC00AF0005660C8 /* MainTabBarCoordinator.swift */; };
		6E6240982BC00AF1005660C8 /* MainTabBarPage.swift in Sources */ = {isa = PBXBuildFile; fileRef = 6E6240962BC00AF1005660C8 /* MainTabBarPage.swift */; };
		6E62409A2BC01800005660C8 /* KSTextField.swift in Sources */ = {isa = PBXBuildFile; fileRef = 6E6240992BC01800005660C8 /* KSTextField.swift */; };
		6E62409C2BC01BE6005660C8 /* AppCoordinator.swift in Sources */ = {isa = PBXBuildFile; fileRef = 6E62409B2BC01BE6005660C8 /* AppCoordinator.swift */; };
		6E6240A12BC01E56005660C8 /* SearchViewController.swift in Sources */ = {isa = PBXBuildFile; fileRef = 6E6240A02BC01E56005660C8 /* SearchViewController.swift */; };
		6E6240A32BC01E62005660C8 /* SearchCoordinator.swift in Sources */ = {isa = PBXBuildFile; fileRef = 6E6240A22BC01E62005660C8 /* SearchCoordinator.swift */; };
		6E6240A52BC021C1005660C8 /* SearchViewModel.swift in Sources */ = {isa = PBXBuildFile; fileRef = 6E6240A42BC021C1005660C8 /* SearchViewModel.swift */; };
		6E6240A72BC02BCA005660C8 /* AppRepository.swift in Sources */ = {isa = PBXBuildFile; fileRef = 6E6240A62BC02BCA005660C8 /* AppRepository.swift */; };
		6E6240AA2BC2B9AA005660C8 /* NetworkService.swift in Sources */ = {isa = PBXBuildFile; fileRef = 6E6240A92BC2B9AA005660C8 /* NetworkService.swift */; };
		6E6240B12BC2BAD0005660C8 /* AFRouter.swift in Sources */ = {isa = PBXBuildFile; fileRef = 6E6240B02BC2BAD0005660C8 /* AFRouter.swift */; };
		6E6240B32BC2BB5B005660C8 /* ItunesAPIRouter.swift in Sources */ = {isa = PBXBuildFile; fileRef = 6E6240B22BC2BB5B005660C8 /* ItunesAPIRouter.swift */; };
		6E6240B52BC2C1EA005660C8 /* App.swift in Sources */ = {isa = PBXBuildFile; fileRef = 6E6240B42BC2C1EA005660C8 /* App.swift */; };
		6E6240B72BC2C41D005660C8 /* ObservableType+.swift in Sources */ = {isa = PBXBuildFile; fileRef = 6E6240B62BC2C41D005660C8 /* ObservableType+.swift */; };
		6E6240BA2BC2D677005660C8 /* Kingfisher in Frameworks */ = {isa = PBXBuildFile; productRef = 6E6240B92BC2D677005660C8 /* Kingfisher */; };
		6E6240BD2BC2D6A3005660C8 /* SearchTableCell.swift in Sources */ = {isa = PBXBuildFile; fileRef = 6E6240BC2BC2D6A3005660C8 /* SearchTableCell.swift */; };
		6E6240BF2BC2D6D7005660C8 /* RxBaseTableViewCell.swift in Sources */ = {isa = PBXBuildFile; fileRef = 6E6240BE2BC2D6D7005660C8 /* RxBaseTableViewCell.swift */; };
		6E6240C12BC2D803005660C8 /* KeyedDecodingContainer+.swift in Sources */ = {isa = PBXBuildFile; fileRef = 6E6240C02BC2D803005660C8 /* KeyedDecodingContainer+.swift */; };
		6E6240C32BC2D82A005660C8 /* DefaultValueProvidable.swift in Sources */ = {isa = PBXBuildFile; fileRef = 6E6240C22BC2D82A005660C8 /* DefaultValueProvidable.swift */; };
		6E6240C62BC2DE78005660C8 /* DownloadWebView.swift in Sources */ = {isa = PBXBuildFile; fileRef = 6E6240C52BC2DE78005660C8 /* DownloadWebView.swift */; };
		6E6240C92BC374F3005660C8 /* SearchDetailViewController.swift in Sources */ = {isa = PBXBuildFile; fileRef = 6E6240C82BC374F3005660C8 /* SearchDetailViewController.swift */; };
		6E6240CB2BC37504005660C8 /* SearchDetailViewModel.swift in Sources */ = {isa = PBXBuildFile; fileRef = 6E6240CA2BC37504005660C8 /* SearchDetailViewModel.swift */; };
/* End PBXBuildFile section */

/* Begin PBXFileReference section */
		6E6240262BBFE3E9005660C8 /* KazStore.app */ = {isa = PBXFileReference; explicitFileType = wrapper.application; includeInIndex = 0; path = KazStore.app; sourceTree = BUILT_PRODUCTS_DIR; };
		6E6240292BBFE3E9005660C8 /* AppDelegate.swift */ = {isa = PBXFileReference; lastKnownFileType = sourcecode.swift; path = AppDelegate.swift; sourceTree = "<group>"; };
		6E62402B2BBFE3E9005660C8 /* SceneDelegate.swift */ = {isa = PBXFileReference; lastKnownFileType = sourcecode.swift; path = SceneDelegate.swift; sourceTree = "<group>"; };
		6E62402D2BBFE3E9005660C8 /* ViewController.swift */ = {isa = PBXFileReference; lastKnownFileType = sourcecode.swift; path = ViewController.swift; sourceTree = "<group>"; };
		6E6240302BBFE3E9005660C8 /* Base */ = {isa = PBXFileReference; lastKnownFileType = file.storyboard; name = Base; path = Base.lproj/Main.storyboard; sourceTree = "<group>"; };
		6E6240322BBFE3EA005660C8 /* Assets.xcassets */ = {isa = PBXFileReference; lastKnownFileType = folder.assetcatalog; path = Assets.xcassets; sourceTree = "<group>"; };
		6E6240352BBFE3EA005660C8 /* Base */ = {isa = PBXFileReference; lastKnownFileType = file.storyboard; name = Base; path = Base.lproj/LaunchScreen.storyboard; sourceTree = "<group>"; };
		6E6240372BBFE3EA005660C8 /* Info.plist */ = {isa = PBXFileReference; lastKnownFileType = text.plist.xml; path = Info.plist; sourceTree = "<group>"; };
		6E62404A2BBFE926005660C8 /* Divider.swift */ = {isa = PBXFileReference; fileEncoding = 4; lastKnownFileType = sourcecode.swift; path = Divider.swift; sourceTree = "<group>"; };
		6E62404B2BBFE926005660C8 /* PaddingLabel.swift */ = {isa = PBXFileReference; fileEncoding = 4; lastKnownFileType = sourcecode.swift; path = PaddingLabel.swift; sourceTree = "<group>"; };
		6E6240502BBFE926005660C8 /* UIColor+.swift */ = {isa = PBXFileReference; fileEncoding = 4; lastKnownFileType = sourcecode.swift; path = "UIColor+.swift"; sourceTree = "<group>"; };
		6E62405A2BBFE945005660C8 /* KSAsset.swift */ = {isa = PBXFileReference; lastKnownFileType = sourcecode.swift; path = KSAsset.swift; sourceTree = "<group>"; };
		6E62405C2BBFE9B9005660C8 /* KSButton.swift */ = {isa = PBXFileReference; lastKnownFileType = sourcecode.swift; path = KSButton.swift; sourceTree = "<group>"; };
		6E62405E2BBFEF59005660C8 /* KSLabel.swift */ = {isa = PBXFileReference; lastKnownFileType = sourcecode.swift; path = KSLabel.swift; sourceTree = "<group>"; };
		6E6240602BBFF157005660C8 /* GmarketSansBold.otf */ = {isa = PBXFileReference; lastKnownFileType = file; path = GmarketSansBold.otf; sourceTree = "<group>"; };
		6E6240612BBFF157005660C8 /* GmarketSansLight.otf */ = {isa = PBXFileReference; lastKnownFileType = file; path = GmarketSansLight.otf; sourceTree = "<group>"; };
		6E6240622BBFF157005660C8 /* GmarketSansMedium.otf */ = {isa = PBXFileReference; lastKnownFileType = file; path = GmarketSansMedium.otf; sourceTree = "<group>"; };
		6E6240692BBFF255005660C8 /* Configurator+.swift */ = {isa = PBXFileReference; lastKnownFileType = sourcecode.swift; path = "Configurator+.swift"; sourceTree = "<group>"; };
		6E62406C2BBFF830005660C8 /* RxBaseCollectionViewCell.swift */ = {isa = PBXFileReference; fileEncoding = 4; lastKnownFileType = sourcecode.swift; path = RxBaseCollectionViewCell.swift; sourceTree = "<group>"; };
		6E62406D2BBFF830005660C8 /* RxBaseListCollectionViewCell.swift */ = {isa = PBXFileReference; fileEncoding = 4; lastKnownFileType = sourcecode.swift; path = RxBaseListCollectionViewCell.swift; sourceTree = "<group>"; };
		6E62406E2BBFF830005660C8 /* RxBaseViewController.swift */ = {isa = PBXFileReference; fileEncoding = 4; lastKnownFileType = sourcecode.swift; path = RxBaseViewController.swift; sourceTree = "<group>"; };
		6E6240702BBFF830005660C8 /* Coordinator.swift */ = {isa = PBXFileReference; fileEncoding = 4; lastKnownFileType = sourcecode.swift; path = Coordinator.swift; sourceTree = "<group>"; };
		6E6240722BBFF830005660C8 /* ViewModel.swift */ = {isa = PBXFileReference; fileEncoding = 4; lastKnownFileType = sourcecode.swift; path = ViewModel.swift; sourceTree = "<group>"; };
		6E6240732BBFF830005660C8 /* ViewModelController.swift */ = {isa = PBXFileReference; fileEncoding = 4; lastKnownFileType = sourcecode.swift; path = ViewModelController.swift; sourceTree = "<group>"; };
		6E6240832BBFFBB8005660C8 /* AppError.swift */ = {isa = PBXFileReference; lastKnownFileType = sourcecode.swift; path = AppError.swift; sourceTree = "<group>"; };
		6E6240852BBFFC42005660C8 /* UIView+.swift */ = {isa = PBXFileReference; fileEncoding = 4; lastKnownFileType = sourcecode.swift; path = "UIView+.swift"; sourceTree = "<group>"; };
		6E6240862BBFFC42005660C8 /* UIViewController+.swift */ = {isa = PBXFileReference; fileEncoding = 4; lastKnownFileType = sourcecode.swift; path = "UIViewController+.swift"; sourceTree = "<group>"; };
		6E6240872BBFFC42005660C8 /* UIAlertController+.swift */ = {isa = PBXFileReference; fileEncoding = 4; lastKnownFileType = sourcecode.swift; path = "UIAlertController+.swift"; sourceTree = "<group>"; };
		6E6240882BBFFC42005660C8 /* UINavigationController+.swift */ = {isa = PBXFileReference; fileEncoding = 4; lastKnownFileType = sourcecode.swift; path = "UINavigationController+.swift"; sourceTree = "<group>"; };
		6E62408E2BBFFCA4005660C8 /* GCD.swift */ = {isa = PBXFileReference; lastKnownFileType = sourcecode.swift; path = GCD.swift; sourceTree = "<group>"; };
		6E6240902BBFFCF3005660C8 /* LogManager.swift */ = {isa = PBXFileReference; fileEncoding = 4; lastKnownFileType = sourcecode.swift; path = LogManager.swift; sourceTree = "<group>"; };
		6E6240952BC00AF0005660C8 /* MainTabBarCoordinator.swift */ = {isa = PBXFileReference; fileEncoding = 4; lastKnownFileType = sourcecode.swift; path = MainTabBarCoordinator.swift; sourceTree = "<group>"; };
		6E6240962BC00AF1005660C8 /* MainTabBarPage.swift */ = {isa = PBXFileReference; fileEncoding = 4; lastKnownFileType = sourcecode.swift; path = MainTabBarPage.swift; sourceTree = "<group>"; };
		6E6240992BC01800005660C8 /* KSTextField.swift */ = {isa = PBXFileReference; lastKnownFileType = sourcecode.swift; path = KSTextField.swift; sourceTree = "<group>"; };
		6E62409B2BC01BE6005660C8 /* AppCoordinator.swift */ = {isa = PBXFileReference; lastKnownFileType = sourcecode.swift; path = AppCoordinator.swift; sourceTree = "<group>"; };
		6E6240A02BC01E56005660C8 /* SearchViewController.swift */ = {isa = PBXFileReference; lastKnownFileType = sourcecode.swift; path = SearchViewController.swift; sourceTree = "<group>"; };
		6E6240A22BC01E62005660C8 /* SearchCoordinator.swift */ = {isa = PBXFileReference; lastKnownFileType = sourcecode.swift; path = SearchCoordinator.swift; sourceTree = "<group>"; };
		6E6240A42BC021C1005660C8 /* SearchViewModel.swift */ = {isa = PBXFileReference; lastKnownFileType = sourcecode.swift; path = SearchViewModel.swift; sourceTree = "<group>"; };
		6E6240A62BC02BCA005660C8 /* AppRepository.swift */ = {isa = PBXFileReference; lastKnownFileType = sourcecode.swift; path = AppRepository.swift; sourceTree = "<group>"; };
		6E6240A92BC2B9AA005660C8 /* NetworkService.swift */ = {isa = PBXFileReference; lastKnownFileType = sourcecode.swift; path = NetworkService.swift; sourceTree = "<group>"; };
		6E6240B02BC2BAD0005660C8 /* AFRouter.swift */ = {isa = PBXFileReference; lastKnownFileType = sourcecode.swift; path = AFRouter.swift; sourceTree = "<group>"; };
		6E6240B22BC2BB5B005660C8 /* ItunesAPIRouter.swift */ = {isa = PBXFileReference; lastKnownFileType = sourcecode.swift; path = ItunesAPIRouter.swift; sourceTree = "<group>"; };
		6E6240B42BC2C1EA005660C8 /* App.swift */ = {isa = PBXFileReference; lastKnownFileType = sourcecode.swift; path = App.swift; sourceTree = "<group>"; };
		6E6240B62BC2C41D005660C8 /* ObservableType+.swift */ = {isa = PBXFileReference; lastKnownFileType = sourcecode.swift; path = "ObservableType+.swift"; sourceTree = "<group>"; };
		6E6240BC2BC2D6A3005660C8 /* SearchTableCell.swift */ = {isa = PBXFileReference; lastKnownFileType = sourcecode.swift; path = SearchTableCell.swift; sourceTree = "<group>"; };
		6E6240BE2BC2D6D7005660C8 /* RxBaseTableViewCell.swift */ = {isa = PBXFileReference; lastKnownFileType = sourcecode.swift; path = RxBaseTableViewCell.swift; sourceTree = "<group>"; };
		6E6240C02BC2D803005660C8 /* KeyedDecodingContainer+.swift */ = {isa = PBXFileReference; lastKnownFileType = sourcecode.swift; path = "KeyedDecodingContainer+.swift"; sourceTree = "<group>"; };
		6E6240C22BC2D82A005660C8 /* DefaultValueProvidable.swift */ = {isa = PBXFileReference; lastKnownFileType = sourcecode.swift; path = DefaultValueProvidable.swift; sourceTree = "<group>"; };
		6E6240C52BC2DE78005660C8 /* DownloadWebView.swift */ = {isa = PBXFileReference; lastKnownFileType = sourcecode.swift; path = DownloadWebView.swift; sourceTree = "<group>"; };
		6E6240C82BC374F3005660C8 /* SearchDetailViewController.swift */ = {isa = PBXFileReference; lastKnownFileType = sourcecode.swift; path = SearchDetailViewController.swift; sourceTree = "<group>"; };
		6E6240CA2BC37504005660C8 /* SearchDetailViewModel.swift */ = {isa = PBXFileReference; lastKnownFileType = sourcecode.swift; path = SearchDetailViewModel.swift; sourceTree = "<group>"; };
/* End PBXFileReference section */

/* Begin PBXFrameworksBuildPhase section */
		6E6240232BBFE3E9005660C8 /* Frameworks */ = {
			isa = PBXFrameworksBuildPhase;
			buildActionMask = 2147483647;
			files = (
				6E6240942BBFFD2B005660C8 /* Toast in Frameworks */,
				6E6240822BBFF9B3005660C8 /* RxRealm in Frameworks */,
				6E6240682BBFF211005660C8 /* SnapKit in Frameworks */,
				6E62407F2BBFF8FD005660C8 /* RxAlamofire in Frameworks */,
				6E6240BA2BC2D677005660C8 /* Kingfisher in Frameworks */,
			);
			runOnlyForDeploymentPostprocessing = 0;
		};
/* End PBXFrameworksBuildPhase section */

/* Begin PBXGroup section */
		6E62401D2BBFE3E9005660C8 = {
			isa = PBXGroup;
			children = (
				6E6240282BBFE3E9005660C8 /* KazStore */,
				6E6240272BBFE3E9005660C8 /* Products */,
			);
			sourceTree = "<group>";
		};
		6E6240272BBFE3E9005660C8 /* Products */ = {
			isa = PBXGroup;
			children = (
				6E6240262BBFE3E9005660C8 /* KazStore.app */,
			);
			name = Products;
			sourceTree = "<group>";
		};
		6E6240282BBFE3E9005660C8 /* KazStore */ = {
			isa = PBXGroup;
			children = (
				6E6240422BBFE685005660C8 /* App */,
				6E6240432BBFE687005660C8 /* Config */,
				6E6240522BBFE926005660C8 /* DesignSystem */,
				6E62403E2BBFE641005660C8 /* Extension */,
				6E62403F2BBFE661005660C8 /* Main */,
				6E62403D2BBFE635005660C8 /* Manager */,
				6E6240452BBFE6A0005660C8 /* Model */,
				6E6240A82BC16717005660C8 /* Network */,
				6E6240462BBFE6BE005660C8 /* Repository */,
				6E6240442BBFE698005660C8 /* Resource */,
				6E62408D2BBFFC9D005660C8 /* Utility */,
			);
			path = KazStore;
			sourceTree = "<group>";
		};
		6E62403D2BBFE635005660C8 /* Manager */ = {
			isa = PBXGroup;
			children = (
				6E6240902BBFFCF3005660C8 /* LogManager.swift */,
			);
			path = Manager;
			sourceTree = "<group>";
		};
		6E62403E2BBFE641005660C8 /* Extension */ = {
			isa = PBXGroup;
			children = (
				6E6240692BBFF255005660C8 /* Configurator+.swift */,
				6E6240872BBFFC42005660C8 /* UIAlertController+.swift */,
				6E6240882BBFFC42005660C8 /* UINavigationController+.swift */,
				6E6240852BBFFC42005660C8 /* UIView+.swift */,
				6E6240862BBFFC42005660C8 /* UIViewController+.swift */,
				6E6240B62BC2C41D005660C8 /* ObservableType+.swift */,
			);
			path = Extension;
			sourceTree = "<group>";
		};
		6E62403F2BBFE661005660C8 /* Main */ = {
			isa = PBXGroup;
			children = (
				6E6240752BBFF830005660C8 /* Common */,
				6E62402D2BBFE3E9005660C8 /* ViewController.swift */,
				6E6240412BBFE681005660C8 /* TabBar */,
			);
			path = Main;
			sourceTree = "<group>";
		};
		6E6240412BBFE681005660C8 /* TabBar */ = {
			isa = PBXGroup;
			children = (
				6E6240952BC00AF0005660C8 /* MainTabBarCoordinator.swift */,
				6E6240962BC00AF1005660C8 /* MainTabBarPage.swift */,
				6E62409D2BC01E3C005660C8 /* Search */,
			);
			path = TabBar;
			sourceTree = "<group>";
		};
		6E6240422BBFE685005660C8 /* App */ = {
			isa = PBXGroup;
			children = (
				6E6240292BBFE3E9005660C8 /* AppDelegate.swift */,
				6E62402B2BBFE3E9005660C8 /* SceneDelegate.swift */,
				6E6240832BBFFBB8005660C8 /* AppError.swift */,
				6E62409B2BC01BE6005660C8 /* AppCoordinator.swift */,
				6E6240342BBFE3EA005660C8 /* LaunchScreen.storyboard */,
				6E62402F2BBFE3E9005660C8 /* Main.storyboard */,
			);
			path = App;
			sourceTree = "<group>";
		};
		6E6240432BBFE687005660C8 /* Config */ = {
			isa = PBXGroup;
			children = (
				6E6240372BBFE3EA005660C8 /* Info.plist */,
			);
			path = Config;
			sourceTree = "<group>";
		};
		6E6240442BBFE698005660C8 /* Resource */ = {
			isa = PBXGroup;
			children = (
				6E6240322BBFE3EA005660C8 /* Assets.xcassets */,
				6E6240602BBFF157005660C8 /* GmarketSansBold.otf */,
				6E6240612BBFF157005660C8 /* GmarketSansLight.otf */,
				6E6240622BBFF157005660C8 /* GmarketSansMedium.otf */,
			);
			path = Resource;
			sourceTree = "<group>";
		};
		6E6240452BBFE6A0005660C8 /* Model */ = {
			isa = PBXGroup;
			children = (
				6E6240B42BC2C1EA005660C8 /* App.swift */,
				6E6240C02BC2D803005660C8 /* KeyedDecodingContainer+.swift */,
			);
			path = Model;
			sourceTree = "<group>";
		};
		6E6240462BBFE6BE005660C8 /* Repository */ = {
			isa = PBXGroup;
			children = (
				6E6240A62BC02BCA005660C8 /* AppRepository.swift */,
			);
			path = Repository;
			sourceTree = "<group>";
		};
		6E6240492BBFE926005660C8 /* Asset */ = {
			isa = PBXGroup;
			children = (
				6E62405A2BBFE945005660C8 /* KSAsset.swift */,
			);
			path = Asset;
			sourceTree = "<group>";
		};
		6E62404F2BBFE926005660C8 /* Component */ = {
			isa = PBXGroup;
			children = (
				6E62404A2BBFE926005660C8 /* Divider.swift */,
				6E62404B2BBFE926005660C8 /* PaddingLabel.swift */,
				6E62405C2BBFE9B9005660C8 /* KSButton.swift */,
				6E62405E2BBFEF59005660C8 /* KSLabel.swift */,
				6E6240992BC01800005660C8 /* KSTextField.swift */,
			);
			path = Component;
			sourceTree = "<group>";
		};
		6E6240512BBFE926005660C8 /* Extension */ = {
			isa = PBXGroup;
			children = (
				6E6240502BBFE926005660C8 /* UIColor+.swift */,
			);
			path = Extension;
			sourceTree = "<group>";
		};
		6E6240522BBFE926005660C8 /* DesignSystem */ = {
			isa = PBXGroup;
			children = (
				6E6240492BBFE926005660C8 /* Asset */,
				6E62404F2BBFE926005660C8 /* Component */,
				6E6240512BBFE926005660C8 /* Extension */,
			);
			path = DesignSystem;
			sourceTree = "<group>";
		};
		6E62406F2BBFF830005660C8 /* Base */ = {
			isa = PBXGroup;
			children = (
				6E62406C2BBFF830005660C8 /* RxBaseCollectionViewCell.swift */,
				6E6240BE2BC2D6D7005660C8 /* RxBaseTableViewCell.swift */,
				6E62406D2BBFF830005660C8 /* RxBaseListCollectionViewCell.swift */,
				6E62406E2BBFF830005660C8 /* RxBaseViewController.swift */,
			);
			path = Base;
			sourceTree = "<group>";
		};
		6E6240742BBFF830005660C8 /* Protocol */ = {
			isa = PBXGroup;
			children = (
				6E6240702BBFF830005660C8 /* Coordinator.swift */,
				6E6240722BBFF830005660C8 /* ViewModel.swift */,
				6E6240732BBFF830005660C8 /* ViewModelController.swift */,
			);
			path = Protocol;
			sourceTree = "<group>";
		};
		6E6240752BBFF830005660C8 /* Common */ = {
			isa = PBXGroup;
			children = (
				6E62406F2BBFF830005660C8 /* Base */,
				6E6240742BBFF830005660C8 /* Protocol */,
			);
			path = Common;
			sourceTree = "<group>";
		};
		6E62408D2BBFFC9D005660C8 /* Utility */ = {
			isa = PBXGroup;
			children = (
				6E62408E2BBFFCA4005660C8 /* GCD.swift */,
				6E6240C22BC2D82A005660C8 /* DefaultValueProvidable.swift */,
			);
			path = Utility;
			sourceTree = "<group>";
		};
		6E62409D2BC01E3C005660C8 /* Search */ = {
			isa = PBXGroup;
			children = (
				6E6240C72BC374E4005660C8 /* SearchDetailView */,
				6E6240BB2BC2D68D005660C8 /* Cell */,
				6E62409E2BC01E41005660C8 /* Coordinator */,
				6E6240A02BC01E56005660C8 /* SearchViewController.swift */,
				6E6240A42BC021C1005660C8 /* SearchViewModel.swift */,
				6E6240C42BC2DE5F005660C8 /* DownloadWebView */,
			);
			path = Search;
			sourceTree = "<group>";
		};
		6E62409E2BC01E41005660C8 /* Coordinator */ = {
			isa = PBXGroup;
			children = (
				6E6240A22BC01E62005660C8 /* SearchCoordinator.swift */,
			);
			path = Coordinator;
			sourceTree = "<group>";
		};
		6E6240A82BC16717005660C8 /* Network */ = {
			isa = PBXGroup;
			children = (
				6E6240AE2BC2BAC1005660C8 /* Router */,
				6E6240AD2BC2BABA005660C8 /* Service */,
				6E6240A92BC2B9AA005660C8 /* NetworkService.swift */,
			);
			path = Network;
			sourceTree = "<group>";
		};
		6E6240AD2BC2BABA005660C8 /* Service */ = {
			isa = PBXGroup;
			children = (
			);
			path = Service;
			sourceTree = "<group>";
		};
		6E6240AE2BC2BAC1005660C8 /* Router */ = {
			isa = PBXGroup;
			children = (
				6E6240AF2BC2BAC8005660C8 /* Protocol */,
				6E6240B22BC2BB5B005660C8 /* ItunesAPIRouter.swift */,
			);
			path = Router;
			sourceTree = "<group>";
		};
		6E6240AF2BC2BAC8005660C8 /* Protocol */ = {
			isa = PBXGroup;
			children = (
				6E6240B02BC2BAD0005660C8 /* AFRouter.swift */,
			);
			path = Protocol;
			sourceTree = "<group>";
		};
		6E6240BB2BC2D68D005660C8 /* Cell */ = {
			isa = PBXGroup;
			children = (
				6E6240BC2BC2D6A3005660C8 /* SearchTableCell.swift */,
			);
			path = Cell;
			sourceTree = "<group>";
		};
		6E6240C42BC2DE5F005660C8 /* DownloadWebView */ = {
			isa = PBXGroup;
			children = (
				6E6240C52BC2DE78005660C8 /* DownloadWebView.swift */,
			);
			path = DownloadWebView;
			sourceTree = "<group>";
		};
		6E6240C72BC374E4005660C8 /* SearchDetailView */ = {
			isa = PBXGroup;
			children = (
				6E6240C82BC374F3005660C8 /* SearchDetailViewController.swift */,
				6E6240CA2BC37504005660C8 /* SearchDetailViewModel.swift */,
			);
			path = SearchDetailView;
			sourceTree = "<group>";
		};
/* End PBXGroup section */

/* Begin PBXNativeTarget section */
		6E6240252BBFE3E9005660C8 /* KazStore */ = {
			isa = PBXNativeTarget;
			buildConfigurationList = 6E62403A2BBFE3EA005660C8 /* Build configuration list for PBXNativeTarget "KazStore" */;
			buildPhases = (
				6E6240222BBFE3E9005660C8 /* Sources */,
				6E6240232BBFE3E9005660C8 /* Frameworks */,
				6E6240242BBFE3E9005660C8 /* Resources */,
			);
			buildRules = (
			);
			dependencies = (
			);
			name = KazStore;
			packageProductDependencies = (
				6E6240672BBFF211005660C8 /* SnapKit */,
				6E62407E2BBFF8FD005660C8 /* RxAlamofire */,
				6E6240812BBFF9B3005660C8 /* RxRealm */,
				6E6240932BBFFD2B005660C8 /* Toast */,
				6E6240B92BC2D677005660C8 /* Kingfisher */,
			);
			productName = KazStore;
			productReference = 6E6240262BBFE3E9005660C8 /* KazStore.app */;
			productType = "com.apple.product-type.application";
		};
/* End PBXNativeTarget section */

/* Begin PBXProject section */
		6E62401E2BBFE3E9005660C8 /* Project object */ = {
			isa = PBXProject;
			attributes = {
				BuildIndependentTargetsInParallel = 1;
				LastSwiftUpdateCheck = 1530;
				LastUpgradeCheck = 1530;
				TargetAttributes = {
					6E6240252BBFE3E9005660C8 = {
						CreatedOnToolsVersion = 15.3;
					};
				};
			};
			buildConfigurationList = 6E6240212BBFE3E9005660C8 /* Build configuration list for PBXProject "KazStore" */;
			compatibilityVersion = "Xcode 14.0";
			developmentRegion = en;
			hasScannedForEncodings = 0;
			knownRegions = (
				en,
				Base,
			);
			mainGroup = 6E62401D2BBFE3E9005660C8;
			packageReferences = (
				6E6240662BBFF211005660C8 /* XCRemoteSwiftPackageReference "SnapKit" */,
				6E62407D2BBFF8FD005660C8 /* XCRemoteSwiftPackageReference "RxAlamofire" */,
				6E6240802BBFF9B3005660C8 /* XCRemoteSwiftPackageReference "RxRealm" */,
				6E6240922BBFFD2B005660C8 /* XCRemoteSwiftPackageReference "Toast-Swift" */,
				6E6240B82BC2D677005660C8 /* XCRemoteSwiftPackageReference "Kingfisher" */,
			);
			productRefGroup = 6E6240272BBFE3E9005660C8 /* Products */;
			projectDirPath = "";
			projectRoot = "";
			targets = (
				6E6240252BBFE3E9005660C8 /* KazStore */,
			);
		};
/* End PBXProject section */

/* Begin PBXResourcesBuildPhase section */
		6E6240242BBFE3E9005660C8 /* Resources */ = {
			isa = PBXResourcesBuildPhase;
			buildActionMask = 2147483647;
			files = (
				6E6240332BBFE3EA005660C8 /* Assets.xcassets in Resources */,
				6E6240362BBFE3EA005660C8 /* Base in Resources */,
				6E6240642BBFF157005660C8 /* GmarketSansLight.otf in Resources */,
				6E6240652BBFF157005660C8 /* GmarketSansMedium.otf in Resources */,
				6E6240312BBFE3E9005660C8 /* Base in Resources */,
				6E6240632BBFF157005660C8 /* GmarketSansBold.otf in Resources */,
			);
			runOnlyForDeploymentPostprocessing = 0;
		};
/* End PBXResourcesBuildPhase section */

/* Begin PBXSourcesBuildPhase section */
		6E6240222BBFE3E9005660C8 /* Sources */ = {
			isa = PBXSourcesBuildPhase;
			buildActionMask = 2147483647;
			files = (
				6E6240552BBFE926005660C8 /* PaddingLabel.swift in Sources */,
				6E6240C32BC2D82A005660C8 /* DefaultValueProvidable.swift in Sources */,
				6E6240912BBFFCF3005660C8 /* LogManager.swift in Sources */,
				6E62405B2BBFE945005660C8 /* KSAsset.swift in Sources */,
				6E6240CB2BC37504005660C8 /* SearchDetailViewModel.swift in Sources */,
				6E6240972BC00AF1005660C8 /* MainTabBarCoordinator.swift in Sources */,
				6E6240842BBFFBB8005660C8 /* AppError.swift in Sources */,
				6E6240982BC00AF1005660C8 /* MainTabBarPage.swift in Sources */,
				6E6240A52BC021C1005660C8 /* SearchViewModel.swift in Sources */,
				6E6240A32BC01E62005660C8 /* SearchCoordinator.swift in Sources */,
				6E62409C2BC01BE6005660C8 /* AppCoordinator.swift in Sources */,
				6E62406A2BBFF255005660C8 /* Configurator+.swift in Sources */,
				6E6240AA2BC2B9AA005660C8 /* NetworkService.swift in Sources */,
				6E62408B2BBFFC42005660C8 /* UIAlertController+.swift in Sources */,
				6E62402E2BBFE3E9005660C8 /* ViewController.swift in Sources */,
				6E62409A2BC01800005660C8 /* KSTextField.swift in Sources */,
				6E6240BF2BC2D6D7005660C8 /* RxBaseTableViewCell.swift in Sources */,
				6E62402A2BBFE3E9005660C8 /* AppDelegate.swift in Sources */,
				6E6240BD2BC2D6A3005660C8 /* SearchTableCell.swift in Sources */,
				6E6240B32BC2BB5B005660C8 /* ItunesAPIRouter.swift in Sources */,
				6E6240892BBFFC42005660C8 /* UIView+.swift in Sources */,
				6E6240772BBFF830005660C8 /* RxBaseListCollectionViewCell.swift in Sources */,
				6E62407B2BBFF830005660C8 /* ViewModel.swift in Sources */,
				6E62407C2BBFF830005660C8 /* ViewModelController.swift in Sources */,
				6E6240792BBFF830005660C8 /* Coordinator.swift in Sources */,
				6E6240542BBFE926005660C8 /* Divider.swift in Sources */,
				6E6240A72BC02BCA005660C8 /* AppRepository.swift in Sources */,
				6E62405D2BBFE9B9005660C8 /* KSButton.swift in Sources */,
				6E62408C2BBFFC42005660C8 /* UINavigationController+.swift in Sources */,
				6E6240C92BC374F3005660C8 /* SearchDetailViewController.swift in Sources */,
				6E62402C2BBFE3E9005660C8 /* SceneDelegate.swift in Sources */,
				6E6240782BBFF830005660C8 /* RxBaseViewController.swift in Sources */,
				6E6240A12BC01E56005660C8 /* SearchViewController.swift in Sources */,
				6E62405F2BBFEF59005660C8 /* KSLabel.swift in Sources */,
				6E62408F2BBFFCA4005660C8 /* GCD.swift in Sources */,
				6E6240B72BC2C41D005660C8 /* ObservableType+.swift in Sources */,
				6E6240592BBFE926005660C8 /* UIColor+.swift in Sources */,
				6E62408A2BBFFC42005660C8 /* UIViewController+.swift in Sources */,
				6E6240C62BC2DE78005660C8 /* DownloadWebView.swift in Sources */,
				6E6240762BBFF830005660C8 /* RxBaseCollectionViewCell.swift in Sources */,
				6E6240B52BC2C1EA005660C8 /* App.swift in Sources */,
				6E6240B12BC2BAD0005660C8 /* AFRouter.swift in Sources */,
				6E6240C12BC2D803005660C8 /* KeyedDecodingContainer+.swift in Sources */,
			);
			runOnlyForDeploymentPostprocessing = 0;
		};
/* End PBXSourcesBuildPhase section */

/* Begin PBXVariantGroup section */
		6E62402F2BBFE3E9005660C8 /* Main.storyboard */ = {
			isa = PBXVariantGroup;
			children = (
				6E6240302BBFE3E9005660C8 /* Base */,
			);
			name = Main.storyboard;
			sourceTree = "<group>";
		};
		6E6240342BBFE3EA005660C8 /* LaunchScreen.storyboard */ = {
			isa = PBXVariantGroup;
			children = (
				6E6240352BBFE3EA005660C8 /* Base */,
			);
			name = LaunchScreen.storyboard;
			sourceTree = "<group>";
		};
/* End PBXVariantGroup section */

/* Begin XCBuildConfiguration section */
		6E6240382BBFE3EA005660C8 /* Debug */ = {
			isa = XCBuildConfiguration;
			buildSettings = {
				ALWAYS_SEARCH_USER_PATHS = NO;
				ASSETCATALOG_COMPILER_GENERATE_SWIFT_ASSET_SYMBOL_EXTENSIONS = YES;
				CLANG_ANALYZER_NONNULL = YES;
				CLANG_ANALYZER_NUMBER_OBJECT_CONVERSION = YES_AGGRESSIVE;
				CLANG_CXX_LANGUAGE_STANDARD = "gnu++20";
				CLANG_ENABLE_MODULES = YES;
				CLANG_ENABLE_OBJC_ARC = YES;
				CLANG_ENABLE_OBJC_WEAK = YES;
				CLANG_WARN_BLOCK_CAPTURE_AUTORELEASING = YES;
				CLANG_WARN_BOOL_CONVERSION = YES;
				CLANG_WARN_COMMA = YES;
				CLANG_WARN_CONSTANT_CONVERSION = YES;
				CLANG_WARN_DEPRECATED_OBJC_IMPLEMENTATIONS = YES;
				CLANG_WARN_DIRECT_OBJC_ISA_USAGE = YES_ERROR;
				CLANG_WARN_DOCUMENTATION_COMMENTS = YES;
				CLANG_WARN_EMPTY_BODY = YES;
				CLANG_WARN_ENUM_CONVERSION = YES;
				CLANG_WARN_INFINITE_RECURSION = YES;
				CLANG_WARN_INT_CONVERSION = YES;
				CLANG_WARN_NON_LITERAL_NULL_CONVERSION = YES;
				CLANG_WARN_OBJC_IMPLICIT_RETAIN_SELF = YES;
				CLANG_WARN_OBJC_LITERAL_CONVERSION = YES;
				CLANG_WARN_OBJC_ROOT_CLASS = YES_ERROR;
				CLANG_WARN_QUOTED_INCLUDE_IN_FRAMEWORK_HEADER = YES;
				CLANG_WARN_RANGE_LOOP_ANALYSIS = YES;
				CLANG_WARN_STRICT_PROTOTYPES = YES;
				CLANG_WARN_SUSPICIOUS_MOVE = YES;
				CLANG_WARN_UNGUARDED_AVAILABILITY = YES_AGGRESSIVE;
				CLANG_WARN_UNREACHABLE_CODE = YES;
				CLANG_WARN__DUPLICATE_METHOD_MATCH = YES;
				COPY_PHASE_STRIP = NO;
				DEBUG_INFORMATION_FORMAT = dwarf;
				ENABLE_STRICT_OBJC_MSGSEND = YES;
				ENABLE_TESTABILITY = YES;
				ENABLE_USER_SCRIPT_SANDBOXING = YES;
				GCC_C_LANGUAGE_STANDARD = gnu17;
				GCC_DYNAMIC_NO_PIC = NO;
				GCC_NO_COMMON_BLOCKS = YES;
				GCC_OPTIMIZATION_LEVEL = 0;
				GCC_PREPROCESSOR_DEFINITIONS = (
					"DEBUG=1",
					"$(inherited)",
				);
				GCC_WARN_64_TO_32_BIT_CONVERSION = YES;
				GCC_WARN_ABOUT_RETURN_TYPE = YES_ERROR;
				GCC_WARN_UNDECLARED_SELECTOR = YES;
				GCC_WARN_UNINITIALIZED_AUTOS = YES_AGGRESSIVE;
				GCC_WARN_UNUSED_FUNCTION = YES;
				GCC_WARN_UNUSED_VARIABLE = YES;
				IPHONEOS_DEPLOYMENT_TARGET = 17.4;
				LOCALIZATION_PREFERS_STRING_CATALOGS = YES;
				MTL_ENABLE_DEBUG_INFO = INCLUDE_SOURCE;
				MTL_FAST_MATH = YES;
				ONLY_ACTIVE_ARCH = YES;
				SDKROOT = iphoneos;
				SWIFT_ACTIVE_COMPILATION_CONDITIONS = "DEBUG $(inherited)";
				SWIFT_OPTIMIZATION_LEVEL = "-Onone";
			};
			name = Debug;
		};
		6E6240392BBFE3EA005660C8 /* Release */ = {
			isa = XCBuildConfiguration;
			buildSettings = {
				ALWAYS_SEARCH_USER_PATHS = NO;
				ASSETCATALOG_COMPILER_GENERATE_SWIFT_ASSET_SYMBOL_EXTENSIONS = YES;
				CLANG_ANALYZER_NONNULL = YES;
				CLANG_ANALYZER_NUMBER_OBJECT_CONVERSION = YES_AGGRESSIVE;
				CLANG_CXX_LANGUAGE_STANDARD = "gnu++20";
				CLANG_ENABLE_MODULES = YES;
				CLANG_ENABLE_OBJC_ARC = YES;
				CLANG_ENABLE_OBJC_WEAK = YES;
				CLANG_WARN_BLOCK_CAPTURE_AUTORELEASING = YES;
				CLANG_WARN_BOOL_CONVERSION = YES;
				CLANG_WARN_COMMA = YES;
				CLANG_WARN_CONSTANT_CONVERSION = YES;
				CLANG_WARN_DEPRECATED_OBJC_IMPLEMENTATIONS = YES;
				CLANG_WARN_DIRECT_OBJC_ISA_USAGE = YES_ERROR;
				CLANG_WARN_DOCUMENTATION_COMMENTS = YES;
				CLANG_WARN_EMPTY_BODY = YES;
				CLANG_WARN_ENUM_CONVERSION = YES;
				CLANG_WARN_INFINITE_RECURSION = YES;
				CLANG_WARN_INT_CONVERSION = YES;
				CLANG_WARN_NON_LITERAL_NULL_CONVERSION = YES;
				CLANG_WARN_OBJC_IMPLICIT_RETAIN_SELF = YES;
				CLANG_WARN_OBJC_LITERAL_CONVERSION = YES;
				CLANG_WARN_OBJC_ROOT_CLASS = YES_ERROR;
				CLANG_WARN_QUOTED_INCLUDE_IN_FRAMEWORK_HEADER = YES;
				CLANG_WARN_RANGE_LOOP_ANALYSIS = YES;
				CLANG_WARN_STRICT_PROTOTYPES = YES;
				CLANG_WARN_SUSPICIOUS_MOVE = YES;
				CLANG_WARN_UNGUARDED_AVAILABILITY = YES_AGGRESSIVE;
				CLANG_WARN_UNREACHABLE_CODE = YES;
				CLANG_WARN__DUPLICATE_METHOD_MATCH = YES;
				COPY_PHASE_STRIP = NO;
				DEBUG_INFORMATION_FORMAT = "dwarf-with-dsym";
				ENABLE_NS_ASSERTIONS = NO;
				ENABLE_STRICT_OBJC_MSGSEND = YES;
				ENABLE_USER_SCRIPT_SANDBOXING = YES;
				GCC_C_LANGUAGE_STANDARD = gnu17;
				GCC_NO_COMMON_BLOCKS = YES;
				GCC_WARN_64_TO_32_BIT_CONVERSION = YES;
				GCC_WARN_ABOUT_RETURN_TYPE = YES_ERROR;
				GCC_WARN_UNDECLARED_SELECTOR = YES;
				GCC_WARN_UNINITIALIZED_AUTOS = YES_AGGRESSIVE;
				GCC_WARN_UNUSED_FUNCTION = YES;
				GCC_WARN_UNUSED_VARIABLE = YES;
				IPHONEOS_DEPLOYMENT_TARGET = 17.4;
				LOCALIZATION_PREFERS_STRING_CATALOGS = YES;
				MTL_ENABLE_DEBUG_INFO = NO;
				MTL_FAST_MATH = YES;
				SDKROOT = iphoneos;
				SWIFT_COMPILATION_MODE = wholemodule;
				VALIDATE_PRODUCT = YES;
			};
			name = Release;
		};
		6E62403B2BBFE3EA005660C8 /* Debug */ = {
			isa = XCBuildConfiguration;
			buildSettings = {
				ASSETCATALOG_COMPILER_APPICON_NAME = AppIcon;
				ASSETCATALOG_COMPILER_GLOBAL_ACCENT_COLOR_NAME = AccentColor;
				CODE_SIGN_STYLE = Automatic;
				CURRENT_PROJECT_VERSION = 1;
				DEVELOPMENT_TEAM = 75QZ7682T2;
				GENERATE_INFOPLIST_FILE = YES;
				INFOPLIST_FILE = KazStore/Config/Info.plist;
				INFOPLIST_KEY_UIApplicationSupportsIndirectInputEvents = YES;
				INFOPLIST_KEY_UILaunchStoryboardName = LaunchScreen;
				INFOPLIST_KEY_UIMainStoryboardFile = Main;
				INFOPLIST_KEY_UISupportedInterfaceOrientations = UIInterfaceOrientationPortrait;
				INFOPLIST_KEY_UISupportedInterfaceOrientations_iPad = "UIInterfaceOrientationLandscapeLeft UIInterfaceOrientationLandscapeRight UIInterfaceOrientationPortrait UIInterfaceOrientationPortraitUpsideDown";
				IPHONEOS_DEPLOYMENT_TARGET = 16.0;
				LD_RUNPATH_SEARCH_PATHS = (
					"$(inherited)",
					"@executable_path/Frameworks",
				);
				MARKETING_VERSION = 1.0;
				PRODUCT_BUNDLE_IDENTIFIER = com.Kaz.KazStore;
				PRODUCT_NAME = "$(TARGET_NAME)";
				SUPPORTED_PLATFORMS = "iphoneos iphonesimulator";
				SUPPORTS_MACCATALYST = NO;
				SUPPORTS_MAC_DESIGNED_FOR_IPHONE_IPAD = NO;
				SUPPORTS_XR_DESIGNED_FOR_IPHONE_IPAD = NO;
				SWIFT_EMIT_LOC_STRINGS = YES;
				SWIFT_VERSION = 5.0;
				TARGETED_DEVICE_FAMILY = 1;
			};
			name = Debug;
		};
		6E62403C2BBFE3EA005660C8 /* Release */ = {
			isa = XCBuildConfiguration;
			buildSettings = {
				ASSETCATALOG_COMPILER_APPICON_NAME = AppIcon;
				ASSETCATALOG_COMPILER_GLOBAL_ACCENT_COLOR_NAME = AccentColor;
				CODE_SIGN_STYLE = Automatic;
				CURRENT_PROJECT_VERSION = 1;
				DEVELOPMENT_TEAM = 75QZ7682T2;
				GENERATE_INFOPLIST_FILE = YES;
				INFOPLIST_FILE = KazStore/Config/Info.plist;
				INFOPLIST_KEY_UIApplicationSupportsIndirectInputEvents = YES;
				INFOPLIST_KEY_UILaunchStoryboardName = LaunchScreen;
				INFOPLIST_KEY_UIMainStoryboardFile = Main;
				INFOPLIST_KEY_UISupportedInterfaceOrientations = UIInterfaceOrientationPortrait;
				INFOPLIST_KEY_UISupportedInterfaceOrientations_iPad = "UIInterfaceOrientationLandscapeLeft UIInterfaceOrientationLandscapeRight UIInterfaceOrientationPortrait UIInterfaceOrientationPortraitUpsideDown";
				IPHONEOS_DEPLOYMENT_TARGET = 16.0;
				LD_RUNPATH_SEARCH_PATHS = (
					"$(inherited)",
					"@executable_path/Frameworks",
				);
				MARKETING_VERSION = 1.0;
				PRODUCT_BUNDLE_IDENTIFIER = com.Kaz.KazStore;
				PRODUCT_NAME = "$(TARGET_NAME)";
				SUPPORTED_PLATFORMS = "iphoneos iphonesimulator";
				SUPPORTS_MACCATALYST = NO;
				SUPPORTS_MAC_DESIGNED_FOR_IPHONE_IPAD = NO;
				SUPPORTS_XR_DESIGNED_FOR_IPHONE_IPAD = NO;
				SWIFT_EMIT_LOC_STRINGS = YES;
				SWIFT_VERSION = 5.0;
				TARGETED_DEVICE_FAMILY = 1;
			};
			name = Release;
		};
/* End XCBuildConfiguration section */

/* Begin XCConfigurationList section */
		6E6240212BBFE3E9005660C8 /* Build configuration list for PBXProject "KazStore" */ = {
			isa = XCConfigurationList;
			buildConfigurations = (
				6E6240382BBFE3EA005660C8 /* Debug */,
				6E6240392BBFE3EA005660C8 /* Release */,
			);
			defaultConfigurationIsVisible = 0;
			defaultConfigurationName = Release;
		};
		6E62403A2BBFE3EA005660C8 /* Build configuration list for PBXNativeTarget "KazStore" */ = {
			isa = XCConfigurationList;
			buildConfigurations = (
				6E62403B2BBFE3EA005660C8 /* Debug */,
				6E62403C2BBFE3EA005660C8 /* Release */,
			);
			defaultConfigurationIsVisible = 0;
			defaultConfigurationName = Release;
		};
/* End XCConfigurationList section */

/* Begin XCRemoteSwiftPackageReference section */
		6E6240662BBFF211005660C8 /* XCRemoteSwiftPackageReference "SnapKit" */ = {
			isa = XCRemoteSwiftPackageReference;
			repositoryURL = "https://github.com/SnapKit/SnapKit";
			requirement = {
				kind = upToNextMajorVersion;
				minimumVersion = 5.7.1;
			};
		};
		6E62407D2BBFF8FD005660C8 /* XCRemoteSwiftPackageReference "RxAlamofire" */ = {
			isa = XCRemoteSwiftPackageReference;
			repositoryURL = "https://github.com/RxSwiftCommunity/RxAlamofire";
			requirement = {
				kind = upToNextMajorVersion;
				minimumVersion = 6.1.2;
			};
		};
		6E6240802BBFF9B3005660C8 /* XCRemoteSwiftPackageReference "RxRealm" */ = {
			isa = XCRemoteSwiftPackageReference;
			repositoryURL = "https://github.com/RxSwiftCommunity/RxRealm";
			requirement = {
				kind = upToNextMajorVersion;
				minimumVersion = 5.0.7;
			};
		};
		6E6240922BBFFD2B005660C8 /* XCRemoteSwiftPackageReference "Toast-Swift" */ = {
			isa = XCRemoteSwiftPackageReference;
			repositoryURL = "https://github.com/scalessec/Toast-Swift";
			requirement = {
				kind = upToNextMajorVersion;
				minimumVersion = 5.1.0;
			};
		};
		6E6240B82BC2D677005660C8 /* XCRemoteSwiftPackageReference "Kingfisher" */ = {
			isa = XCRemoteSwiftPackageReference;
			repositoryURL = "https://github.com/onevcat/Kingfisher";
			requirement = {
				kind = upToNextMajorVersion;
				minimumVersion = 7.11.0;
			};
		};
/* End XCRemoteSwiftPackageReference section */

/* Begin XCSwiftPackageProductDependency section */
		6E6240672BBFF211005660C8 /* SnapKit */ = {
			isa = XCSwiftPackageProductDependency;
			package = 6E6240662BBFF211005660C8 /* XCRemoteSwiftPackageReference "SnapKit" */;
			productName = SnapKit;
		};
		6E62407E2BBFF8FD005660C8 /* RxAlamofire */ = {
			isa = XCSwiftPackageProductDependency;
			package = 6E62407D2BBFF8FD005660C8 /* XCRemoteSwiftPackageReference "RxAlamofire" */;
			productName = RxAlamofire;
		};
		6E6240812BBFF9B3005660C8 /* RxRealm */ = {
			isa = XCSwiftPackageProductDependency;
			package = 6E6240802BBFF9B3005660C8 /* XCRemoteSwiftPackageReference "RxRealm" */;
			productName = RxRealm;
		};
		6E6240932BBFFD2B005660C8 /* Toast */ = {
			isa = XCSwiftPackageProductDependency;
			package = 6E6240922BBFFD2B005660C8 /* XCRemoteSwiftPackageReference "Toast-Swift" */;
			productName = Toast;
		};
		6E6240B92BC2D677005660C8 /* Kingfisher */ = {
			isa = XCSwiftPackageProductDependency;
			package = 6E6240B82BC2D677005660C8 /* XCRemoteSwiftPackageReference "Kingfisher" */;
			productName = Kingfisher;
		};
/* End XCSwiftPackageProductDependency section */
	};
	rootObject = 6E62401E2BBFE3E9005660C8 /* Project object */;
}
